
Microsoft Visual Studio Solution File, Format Version 12.00
# Visual Studio 14
VisualStudioVersion = 14.0.23107.0
MinimumVisualStudioVersion = 10.0.40219.1
Project("{FAE04EC0-301F-11D3-BF4B-00C04F79EFBC}") = "CarConsole", "CarConsole\CarConsole.csproj", "{8468F2FF-3AB8-4271-84E7-365D2A677FD3}"
EndProject
Project("{FAE04EC0-301F-11D3-BF4B-00C04F79EFBC}") = "Model", "Model\Model.csproj", "{29FEF9BF-8BD0-4A2E-BD49-31881A4BE509}"
EndProject
Global
	GlobalSection(SolutionConfigurationPlatforms) = preSolution
		Debug|Any CPU = Debug|Any CPU
		Release|Any CPU = Release|Any CPU
	EndGlobalSection
	GlobalSection(ProjectConfigurationPlatforms) = postSolution
		{8468F2FF-3AB8-4271-84E7-365D2A677FD3}.Debug|Any CPU.ActiveCfg = Debug|Any CPU
		{8468F2FF-3AB8-4271-84E7-365D2A677FD3}.Debug|Any CPU.Build.0 = Debug|Any CPU
		{8468F2FF-3AB8-4271-84E7-365D2A677FD3}.Release|Any CPU.ActiveCfg = Release|Any CPU
		{8468F2FF-3AB8-4271-84E7-365D2A677FD3}.Release|Any CPU.Build.0 = Release|Any CPU
		{29FEF9BF-8BD0-4A2E-BD49-31881A4BE509}.Debug|Any CPU.ActiveCfg = Debug|Any CPU
		{29FEF9BF-8BD0-4A2E-BD49-31881A4BE509}.Debug|Any CPU.Build.0 = Debug|Any CPU
		{29FEF9BF-8BD0-4A2E-BD49-31881A4BE509}.Release|Any CPU.ActiveCfg = Release|Any CPU
		{29FEF9BF-8BD0-4A2E-BD49-31881A4BE509}.Release|Any CPU.Build.0 = Release|Any CPU
	EndGlobalSection
	GlobalSection(SolutionProperties) = preSolution
		HideSolutionNode = FALSE
	EndGlobalSection
EndGlobal
